{
  "name": "rainbow-sorts",
  "version": "1.0.0",
  "lockfileVersion": 1,
  "requires": true,
  "dependencies": {
    "regenbogler": {
      "version": "1.0.0",
      "resolved": "https://registry.npmjs.org/regenbogler/-/regenbogler-1.0.0.tgz",
      "integrity": "sha512-/yU1tcFEaGRAFvQPwGTl1hVZxjrfUCAmEo7pMPhUMWsgbjl4M4083haLymBvxM2alf+P/wh9w13GEwZCbA0EoQ=="
    }
  }
}
