{
  "name": "rainbow-sorts",
  "version": "1.0.0",
  "lockfileVersion": 1,
  "requires": true,
  "dependencies": {
    "regenbogler": {
      "version": "1.0.13",
      "resolved": "https://registry.npmjs.org/regenbogler/-/regenbogler-1.0.13.tgz",
      "integrity": "sha512-oRTp91Ox4YnGgThlP11/XrjOEKC1jjb1q+PJqJDRJPPGPnJ8dZN5JW2H4gLmyDC8Y0Mbh71p2qXhrG9sQQyboQ=="
    }
  }
}
