{
  "name": "rainbow-sorts",
  "version": "1.0.0",
  "lockfileVersion": 1,
  "requires": true,
  "dependencies": {
    "regenbogler": {
      "version": "1.0.1",
      "resolved": "https://registry.npmjs.org/regenbogler/-/regenbogler-1.0.1.tgz",
      "integrity": "sha512-RHqSvQ33hyuoD7sdeeoFVCMuSVuaC/wfd//3pbhdbHx15d1Mo4PiWO7sGPDhKkaLstS2f1wcPjhaCVjWlXORuQ=="
    }
  }
}
